
Microsoft Visual Studio Solution File, Format Version 12.00
# Visual Studio Version 17
VisualStudioVersion = 17.0.31825.309
MinimumVisualStudioVersion = 10.0.40219.1
Project("{2150E333-8FDC-42A3-9474-1A3956D46DE8}") = "OG", "OG", "{772E097A-F47B-43CC-87AB-2249ACCF5286}"
EndProject
Project("{FAE04EC0-301F-11D3-BF4B-00C04F79EFBC}") = "TR1", "TombRaider1996\TR1.csproj", "{39ABDD83-5738-4530-A039-93514F938A35}"
EndProject
Project("{FAE04EC0-301F-11D3-BF4B-00C04F79EFBC}") = "TR2", "TombRaiderII\TR2.csproj", "{B4A46173-6DF7-435A-A218-11641766536A}"
EndProject
Project("{FAE04EC0-301F-11D3-BF4B-00C04F79EFBC}") = "TR3", "TombRaiderIII\TR3.csproj", "{C332F76B-86CC-4519-A3B6-3AD6FAC4C3E0}"
EndProject
Project("{FAE04EC0-301F-11D3-BF4B-00C04F79EFBC}") = "TR4", "TombRaiderIV\TR4.csproj", "{7555D155-EFCB-48C2-8540-B719753FFEE1}"
EndProject
Project("{FAE04EC0-301F-11D3-BF4B-00C04F79EFBC}") = "TR5", "TombRaiderV\TR5.csproj", "{A88EFBF8-F9A7-4AB7-9B4D-6672600E2ADC}"
EndProject
Project("{2150E333-8FDC-42A3-9474-1A3956D46DE8}") = "Remasters", "Remasters", "{A8A50E90-EA6A-4F47-952D-567E6D54F5D0}"
EndProject
Project("{FAE04EC0-301F-11D3-BF4B-00C04F79EFBC}") = "TR123", "TR123\TR123.csproj", "{75838C92-3B54-4D23-9D1E-8ADA976427F2}"
EndProject
Project("{FAE04EC0-301F-11D3-BF4B-00C04F79EFBC}") = "TR456", "TR456\TR456.csproj", "{FA5E6E67-75A7-4542-A25B-2D874AABC3C6}"
EndProject
Project("{2150E333-8FDC-42A3-9474-1A3956D46DE8}") = "Tests", "Tests", "{E77775DE-AA15-49DC-B3A8-E618F31707B5}"
EndProject
Project("{FAE04EC0-301F-11D3-BF4B-00C04F79EFBC}") = "Autosplitters.Tests", "Autosplitters.Tests\Autosplitters.Tests.csproj", "{4FEAFE5B-0690-40C4-AAE3-C20F2B9EC0AE}"
EndProject
Project("{2150E333-8FDC-42A3-9474-1A3956D46DE8}") = "Util", "Util", "{02EA681E-C7D8-13C7-8484-4AC65E1B71E8}"
EndProject
Project("{FAE04EC0-301F-11D3-BF4B-00C04F79EFBC}") = "ClassicUtil", "ClassicUtil\ClassicUtil.csproj", "{35B161E9-6DBA-4BB9-BFA2-78DB842D667E}"
EndProject
Project("{FAE04EC0-301F-11D3-BF4B-00C04F79EFBC}") = "LaterClassicUtil", "LaterClassicUtil\LaterClassicUtil.csproj", "{5FCCF047-18B5-421D-9AA1-CD1FE0B50AF3}"
EndProject
Project("{FAE04EC0-301F-11D3-BF4B-00C04F79EFBC}") = "Util", "Util\Util.csproj", "{C441C7A6-1371-4690-B51E-45583D8F041F}"
EndProject
Global
	GlobalSection(SolutionConfigurationPlatforms) = preSolution
		Debug|Any CPU = Debug|Any CPU
		Release|Any CPU = Release|Any CPU
	EndGlobalSection
	GlobalSection(ProjectConfigurationPlatforms) = postSolution
		{39ABDD83-5738-4530-A039-93514F938A35}.Debug|Any CPU.ActiveCfg = Debug|Any CPU
		{39ABDD83-5738-4530-A039-93514F938A35}.Debug|Any CPU.Build.0 = Debug|Any CPU
		{39ABDD83-5738-4530-A039-93514F938A35}.Release|Any CPU.ActiveCfg = Release|Any CPU
		{39ABDD83-5738-4530-A039-93514F938A35}.Release|Any CPU.Build.0 = Release|Any CPU
		{B4A46173-6DF7-435A-A218-11641766536A}.Debug|Any CPU.ActiveCfg = Debug|Any CPU
		{B4A46173-6DF7-435A-A218-11641766536A}.Debug|Any CPU.Build.0 = Debug|Any CPU
		{B4A46173-6DF7-435A-A218-11641766536A}.Release|Any CPU.ActiveCfg = Release|Any CPU
		{B4A46173-6DF7-435A-A218-11641766536A}.Release|Any CPU.Build.0 = Release|Any CPU
		{C332F76B-86CC-4519-A3B6-3AD6FAC4C3E0}.Debug|Any CPU.ActiveCfg = Debug|Any CPU
		{C332F76B-86CC-4519-A3B6-3AD6FAC4C3E0}.Debug|Any CPU.Build.0 = Debug|Any CPU
		{C332F76B-86CC-4519-A3B6-3AD6FAC4C3E0}.Release|Any CPU.ActiveCfg = Release|Any CPU
		{C332F76B-86CC-4519-A3B6-3AD6FAC4C3E0}.Release|Any CPU.Build.0 = Release|Any CPU
		{7555D155-EFCB-48C2-8540-B719753FFEE1}.Debug|Any CPU.ActiveCfg = Debug|Any CPU
		{7555D155-EFCB-48C2-8540-B719753FFEE1}.Debug|Any CPU.Build.0 = Debug|Any CPU
		{7555D155-EFCB-48C2-8540-B719753FFEE1}.Release|Any CPU.ActiveCfg = Release|Any CPU
		{7555D155-EFCB-48C2-8540-B719753FFEE1}.Release|Any CPU.Build.0 = Release|Any CPU
		{A88EFBF8-F9A7-4AB7-9B4D-6672600E2ADC}.Debug|Any CPU.ActiveCfg = Debug|Any CPU
		{A88EFBF8-F9A7-4AB7-9B4D-6672600E2ADC}.Debug|Any CPU.Build.0 = Debug|Any CPU
		{A88EFBF8-F9A7-4AB7-9B4D-6672600E2ADC}.Release|Any CPU.ActiveCfg = Release|Any CPU
		{A88EFBF8-F9A7-4AB7-9B4D-6672600E2ADC}.Release|Any CPU.Build.0 = Release|Any CPU
		{75838C92-3B54-4D23-9D1E-8ADA976427F2}.Debug|Any CPU.ActiveCfg = Debug|Any CPU
		{75838C92-3B54-4D23-9D1E-8ADA976427F2}.Debug|Any CPU.Build.0 = Debug|Any CPU
		{75838C92-3B54-4D23-9D1E-8ADA976427F2}.Release|Any CPU.ActiveCfg = Release|Any CPU
		{75838C92-3B54-4D23-9D1E-8ADA976427F2}.Release|Any CPU.Build.0 = Release|Any CPU
		{FA5E6E67-75A7-4542-A25B-2D874AABC3C6}.Debug|Any CPU.ActiveCfg = Debug|Any CPU
		{FA5E6E67-75A7-4542-A25B-2D874AABC3C6}.Debug|Any CPU.Build.0 = Debug|Any CPU
		{FA5E6E67-75A7-4542-A25B-2D874AABC3C6}.Release|Any CPU.ActiveCfg = Release|Any CPU
		{FA5E6E67-75A7-4542-A25B-2D874AABC3C6}.Release|Any CPU.Build.0 = Release|Any CPU
		{4FEAFE5B-0690-40C4-AAE3-C20F2B9EC0AE}.Debug|Any CPU.ActiveCfg = Debug|Any CPU
		{4FEAFE5B-0690-40C4-AAE3-C20F2B9EC0AE}.Debug|Any CPU.Build.0 = Debug|Any CPU
		{4FEAFE5B-0690-40C4-AAE3-C20F2B9EC0AE}.Release|Any CPU.ActiveCfg = Release|Any CPU
		{4FEAFE5B-0690-40C4-AAE3-C20F2B9EC0AE}.Release|Any CPU.Build.0 = Release|Any CPU
		{35B161E9-6DBA-4BB9-BFA2-78DB842D667E}.Debug|Any CPU.ActiveCfg = Debug|Any CPU
		{35B161E9-6DBA-4BB9-BFA2-78DB842D667E}.Debug|Any CPU.Build.0 = Debug|Any CPU
		{35B161E9-6DBA-4BB9-BFA2-78DB842D667E}.Release|Any CPU.ActiveCfg = Release|Any CPU
		{35B161E9-6DBA-4BB9-BFA2-78DB842D667E}.Release|Any CPU.Build.0 = Release|Any CPU
		{5FCCF047-18B5-421D-9AA1-CD1FE0B50AF3}.Debug|Any CPU.ActiveCfg = Debug|Any CPU
		{5FCCF047-18B5-421D-9AA1-CD1FE0B50AF3}.Debug|Any CPU.Build.0 = Debug|Any CPU
		{5FCCF047-18B5-421D-9AA1-CD1FE0B50AF3}.Release|Any CPU.ActiveCfg = Release|Any CPU
		{5FCCF047-18B5-421D-9AA1-CD1FE0B50AF3}.Release|Any CPU.Build.0 = Release|Any CPU
		{C441C7A6-1371-4690-B51E-45583D8F041F}.Debug|Any CPU.ActiveCfg = Debug|Any CPU
		{C441C7A6-1371-4690-B51E-45583D8F041F}.Debug|Any CPU.Build.0 = Debug|Any CPU
		{C441C7A6-1371-4690-B51E-45583D8F041F}.Release|Any CPU.ActiveCfg = Release|Any CPU
		{C441C7A6-1371-4690-B51E-45583D8F041F}.Release|Any CPU.Build.0 = Release|Any CPU
	EndGlobalSection
	GlobalSection(SolutionProperties) = preSolution
		HideSolutionNode = FALSE
	EndGlobalSection
	GlobalSection(NestedProjects) = preSolution
		{39ABDD83-5738-4530-A039-93514F938A35} = {772E097A-F47B-43CC-87AB-2249ACCF5286}
		{B4A46173-6DF7-435A-A218-11641766536A} = {772E097A-F47B-43CC-87AB-2249ACCF5286}
		{C332F76B-86CC-4519-A3B6-3AD6FAC4C3E0} = {772E097A-F47B-43CC-87AB-2249ACCF5286}
		{7555D155-EFCB-48C2-8540-B719753FFEE1} = {772E097A-F47B-43CC-87AB-2249ACCF5286}
		{A88EFBF8-F9A7-4AB7-9B4D-6672600E2ADC} = {772E097A-F47B-43CC-87AB-2249ACCF5286}
		{75838C92-3B54-4D23-9D1E-8ADA976427F2} = {A8A50E90-EA6A-4F47-952D-567E6D54F5D0}
		{FA5E6E67-75A7-4542-A25B-2D874AABC3C6} = {A8A50E90-EA6A-4F47-952D-567E6D54F5D0}
		{4FEAFE5B-0690-40C4-AAE3-C20F2B9EC0AE} = {E77775DE-AA15-49DC-B3A8-E618F31707B5}
		{35B161E9-6DBA-4BB9-BFA2-78DB842D667E} = {02EA681E-C7D8-13C7-8484-4AC65E1B71E8}
		{5FCCF047-18B5-421D-9AA1-CD1FE0B50AF3} = {02EA681E-C7D8-13C7-8484-4AC65E1B71E8}
		{C441C7A6-1371-4690-B51E-45583D8F041F} = {02EA681E-C7D8-13C7-8484-4AC65E1B71E8}
	EndGlobalSection
	GlobalSection(ExtensibilityGlobals) = postSolution
		SolutionGuid = {EC571240-1462-4081-83DD-8405ED0AAC1B}
	EndGlobalSection
EndGlobal
